
Microsoft Visual Studio Solution File, Format Version 12.00
# Visual Studio Version 17
VisualStudioVersion = 17.4.33213.308
MinimumVisualStudioVersion = 10.0.40219.1
Project("{FAE04EC0-301F-11D3-BF4B-00C04F79EFBC}") = "Ejemplo1", "Ejemplo1\Ejemplo1.csproj", "{DB16A198-57AB-4685-BB23-9830F92742B0}"
EndProject
Project("{FAE04EC0-301F-11D3-BF4B-00C04F79EFBC}") = "Practica(Controles-OperadorTernario)", "Practica(Controles-OperadorTernario)\Practica(Controles-OperadorTernario).csproj", "{57C6E3F3-BCB4-4D63-9F8D-1D80678E8DC6}"
EndProject
Global
	GlobalSection(SolutionConfigurationPlatforms) = preSolution
		Debug|Any CPU = Debug|Any CPU
		Release|Any CPU = Release|Any CPU
	EndGlobalSection
	GlobalSection(ProjectConfigurationPlatforms) = postSolution
		{DB16A198-57AB-4685-BB23-9830F92742B0}.Debug|Any CPU.ActiveCfg = Debug|Any CPU
		{DB16A198-57AB-4685-BB23-9830F92742B0}.Debug|Any CPU.Build.0 = Debug|Any CPU
		{DB16A198-57AB-4685-BB23-9830F92742B0}.Release|Any CPU.ActiveCfg = Release|Any CPU
		{DB16A198-57AB-4685-BB23-9830F92742B0}.Release|Any CPU.Build.0 = Release|Any CPU
		{57C6E3F3-BCB4-4D63-9F8D-1D80678E8DC6}.Debug|Any CPU.ActiveCfg = Debug|Any CPU
		{57C6E3F3-BCB4-4D63-9F8D-1D80678E8DC6}.Debug|Any CPU.Build.0 = Debug|Any CPU
		{57C6E3F3-BCB4-4D63-9F8D-1D80678E8DC6}.Release|Any CPU.ActiveCfg = Release|Any CPU
		{57C6E3F3-BCB4-4D63-9F8D-1D80678E8DC6}.Release|Any CPU.Build.0 = Release|Any CPU
	EndGlobalSection
	GlobalSection(SolutionProperties) = preSolution
		HideSolutionNode = FALSE
	EndGlobalSection
	GlobalSection(ExtensibilityGlobals) = postSolution
		SolutionGuid = {DE4AFD18-297E-4515-BC1B-0F5731650CDF}
	EndGlobalSection
EndGlobal
